
Microsoft Visual Studio Solution File, Format Version 12.00
# Visual Studio Version 17
VisualStudioVersion = 17.3.32804.467
MinimumVisualStudioVersion = 10.0.40219.1
Project("{FAE04EC0-301F-11D3-BF4B-00C04F79EFBC}") = "FastFood_Web.Api", "FastFood_Web\FastFood_Web.Api.csproj", "{359F448B-00B9-4AD0-A473-B7B5130EF4C8}"
EndProject
Project("{FAE04EC0-301F-11D3-BF4B-00C04F79EFBC}") = "FastFood_Web.Test", "FastFood_Web.Test\FastFood_Web.Test.csproj", "{1A30D853-1069-4B54-A7EE-4CBB480AD304}"
EndProject
Project("{FAE04EC0-301F-11D3-BF4B-00C04F79EFBC}") = "FastFood_Web.Service", "FastFood_Web.Service\FastFood_Web.Service.csproj", "{84AE32A4-AB15-4895-B633-3BB7B6BB49AF}"
EndProject
Project("{FAE04EC0-301F-11D3-BF4B-00C04F79EFBC}") = "FastFood_Web.Domain", "FastFood_Web.Domain\FastFood_Web.Domain.csproj", "{9D549C0E-BA4F-4CCB-9794-EEC57BE4CD49}"
EndProject
Project("{FAE04EC0-301F-11D3-BF4B-00C04F79EFBC}") = "FastFood_Web.DataAccess", "FastFood_Web.DataAccess\FastFood_Web.DataAccess.csproj", "{7069A489-5EF0-451C-B568-5A7F7BE9FB1D}"
EndProject
Global
	GlobalSection(SolutionConfigurationPlatforms) = preSolution
		Debug|Any CPU = Debug|Any CPU
		Release|Any CPU = Release|Any CPU
	EndGlobalSection
	GlobalSection(ProjectConfigurationPlatforms) = postSolution
		{359F448B-00B9-4AD0-A473-B7B5130EF4C8}.Debug|Any CPU.ActiveCfg = Debug|Any CPU
		{359F448B-00B9-4AD0-A473-B7B5130EF4C8}.Debug|Any CPU.Build.0 = Debug|Any CPU
		{359F448B-00B9-4AD0-A473-B7B5130EF4C8}.Release|Any CPU.ActiveCfg = Release|Any CPU
		{359F448B-00B9-4AD0-A473-B7B5130EF4C8}.Release|Any CPU.Build.0 = Release|Any CPU
		{1A30D853-1069-4B54-A7EE-4CBB480AD304}.Debug|Any CPU.ActiveCfg = Debug|Any CPU
		{1A30D853-1069-4B54-A7EE-4CBB480AD304}.Debug|Any CPU.Build.0 = Debug|Any CPU
		{1A30D853-1069-4B54-A7EE-4CBB480AD304}.Release|Any CPU.ActiveCfg = Release|Any CPU
		{1A30D853-1069-4B54-A7EE-4CBB480AD304}.Release|Any CPU.Build.0 = Release|Any CPU
		{84AE32A4-AB15-4895-B633-3BB7B6BB49AF}.Debug|Any CPU.ActiveCfg = Debug|Any CPU
		{84AE32A4-AB15-4895-B633-3BB7B6BB49AF}.Debug|Any CPU.Build.0 = Debug|Any CPU
		{84AE32A4-AB15-4895-B633-3BB7B6BB49AF}.Release|Any CPU.ActiveCfg = Release|Any CPU
		{84AE32A4-AB15-4895-B633-3BB7B6BB49AF}.Release|Any CPU.Build.0 = Release|Any CPU
		{9D549C0E-BA4F-4CCB-9794-EEC57BE4CD49}.Debug|Any CPU.ActiveCfg = Debug|Any CPU
		{9D549C0E-BA4F-4CCB-9794-EEC57BE4CD49}.Debug|Any CPU.Build.0 = Debug|Any CPU
		{9D549C0E-BA4F-4CCB-9794-EEC57BE4CD49}.Release|Any CPU.ActiveCfg = Release|Any CPU
		{9D549C0E-BA4F-4CCB-9794-EEC57BE4CD49}.Release|Any CPU.Build.0 = Release|Any CPU
		{7069A489-5EF0-451C-B568-5A7F7BE9FB1D}.Debug|Any CPU.ActiveCfg = Debug|Any CPU
		{7069A489-5EF0-451C-B568-5A7F7BE9FB1D}.Debug|Any CPU.Build.0 = Debug|Any CPU
		{7069A489-5EF0-451C-B568-5A7F7BE9FB1D}.Release|Any CPU.ActiveCfg = Release|Any CPU
		{7069A489-5EF0-451C-B568-5A7F7BE9FB1D}.Release|Any CPU.Build.0 = Release|Any CPU
	EndGlobalSection
	GlobalSection(SolutionProperties) = preSolution
		HideSolutionNode = FALSE
	EndGlobalSection
	GlobalSection(ExtensibilityGlobals) = postSolution
		SolutionGuid = {E7869276-6D76-4CBC-B5DE-E5EDF5375CA1}
	EndGlobalSection
EndGlobal
